// !$*UTF8*$!
{
	archiveVersion = 1;
	classes = {
	};
	objectVersion = 55;
	objects = {

/* Begin PBXBuildFile section */
		65C497E98D1A0A9CF7E6116E /* Pods_walking.framework in Frameworks */ = {isa = PBXBuildFile; fileRef = 0A1C6D6C083B9BA7A6ACEE9D /* Pods_walking.framework */; };
		913ABCDA27A785A200FFF75D /* HomeData.swift in Sources */ = {isa = PBXBuildFile; fileRef = 913ABCD527A785A200FFF75D /* HomeData.swift */; };
		913ABCDB27A785A200FFF75D /* DistanceStruct.swift in Sources */ = {isa = PBXBuildFile; fileRef = 913ABCD627A785A200FFF75D /* DistanceStruct.swift */; };
		913ABCDC27A785A200FFF75D /* StepStruct.swift in Sources */ = {isa = PBXBuildFile; fileRef = 913ABCD727A785A200FFF75D /* StepStruct.swift */; };
		913ABCDD27A785A200FFF75D /* HomeView.swift in Sources */ = {isa = PBXBuildFile; fileRef = 913ABCD827A785A200FFF75D /* HomeView.swift */; };
		913ABCDE27A785A200FFF75D /* CalorieStruct.swift in Sources */ = {isa = PBXBuildFile; fileRef = 913ABCD927A785A200FFF75D /* CalorieStruct.swift */; };
		913E8EBB278FECD500A8853C /* PersonRankCell.xib in Resources */ = {isa = PBXBuildFile; fileRef = 913E8EB9278FECD500A8853C /* PersonRankCell.xib */; };
		915A8BB02791567500B1DECE /* TeamRankCell.swift in Sources */ = {isa = PBXBuildFile; fileRef = 915A8BAE2791567500B1DECE /* TeamRankCell.swift */; };
		915A8BB12791567500B1DECE /* TeamRankCell.xib in Resources */ = {isa = PBXBuildFile; fileRef = 915A8BAF2791567500B1DECE /* TeamRankCell.xib */; };
		915A8BB42791770C00B1DECE /* EventRankCell.swift in Sources */ = {isa = PBXBuildFile; fileRef = 915A8BB22791770C00B1DECE /* EventRankCell.swift */; };
		918347572784225A005E8EC7 /* HealthKit.framework in Frameworks */ = {isa = PBXBuildFile; fileRef = 918347562784225A005E8EC7 /* HealthKit.framework */; };
		91834759278443F5005E8EC7 /* HealthKitUI.framework in Frameworks */ = {isa = PBXBuildFile; fileRef = 91834758278443F5005E8EC7 /* HealthKitUI.framework */; };
		91B1F71427A23D9A00E87EEF /* WalkingData.swift in Sources */ = {isa = PBXBuildFile; fileRef = 91B1F71327A23D9A00E87EEF /* WalkingData.swift */; };
		91EB803627965CCC0073E69E /* EventRankCell.xib in Resources */ = {isa = PBXBuildFile; fileRef = 91EB803527965CCC0073E69E /* EventRankCell.xib */; };
		A21905EE2786ACD700288B76 /* StartView.swift in Sources */ = {isa = PBXBuildFile; fileRef = A21905ED2786ACD700288B76 /* StartView.swift */; };
		A21905F92786D0CC00288B76 /* CommunicationView.swift in Sources */ = {isa = PBXBuildFile; fileRef = A21905F82786D0CC00288B76 /* CommunicationView.swift */; };
		A21905FC2786D15500288B76 /* CommunicationCell.swift in Sources */ = {isa = PBXBuildFile; fileRef = A21905FA2786D15500288B76 /* CommunicationCell.swift */; };
		A21905FD2786D15500288B76 /* CommunicationCell.xib in Resources */ = {isa = PBXBuildFile; fileRef = A21905FB2786D15500288B76 /* CommunicationCell.xib */; };
		A22C048527BC7A1700A70FA8 /* TeamRecord.swift in Sources */ = {isa = PBXBuildFile; fileRef = A22C048427BC7A1600A70FA8 /* TeamRecord.swift */; };
		A22C048727BC7A2200A70FA8 /* MyRecord.swift in Sources */ = {isa = PBXBuildFile; fileRef = A22C048627BC7A2200A70FA8 /* MyRecord.swift */; };
		A22C048D27BC7ADC00A70FA8 /* PersonRecord.swift in Sources */ = {isa = PBXBuildFile; fileRef = A22C048C27BC7ADC00A70FA8 /* PersonRecord.swift */; };
		A22C048F27BC7B2F00A70FA8 /* PersonRankCell.swift in Sources */ = {isa = PBXBuildFile; fileRef = A22C048E27BC7B2F00A70FA8 /* PersonRankCell.swift */; };
		A22EA0FE277ACAB900D7DA92 /* RecordView.swift in Sources */ = {isa = PBXBuildFile; fileRef = A22EA0FD277ACAB900D7DA92 /* RecordView.swift */; };
		A22EA104277AD0E200D7DA92 /* YammerAPI.swift in Sources */ = {isa = PBXBuildFile; fileRef = A22EA103277AD0E200D7DA92 /* YammerAPI.swift */; };
		A22EA106277AD0FB00D7DA92 /* AWSAPI.swift in Sources */ = {isa = PBXBuildFile; fileRef = A22EA105277AD0FB00D7DA92 /* AWSAPI.swift */; };
		A22EA10A277AE81400D7DA92 /* LoginViewController.swift in Sources */ = {isa = PBXBuildFile; fileRef = A22EA109277AE81400D7DA92 /* LoginViewController.swift */; };
		A234D27F279E614200BC0FEF /* PostView.swift in Sources */ = {isa = PBXBuildFile; fileRef = A234D27E279E614200BC0FEF /* PostView.swift */; };
		A244D5F0278EAA5C008D30A2 /* MemberView.swift in Sources */ = {isa = PBXBuildFile; fileRef = A244D5EF278EAA5C008D30A2 /* MemberView.swift */; };
		A244D5F3278EAA81008D30A2 /* MemberCell.swift in Sources */ = {isa = PBXBuildFile; fileRef = A244D5F1278EAA81008D30A2 /* MemberCell.swift */; };
		A244D5F4278EAA81008D30A2 /* MemberCell.xib in Resources */ = {isa = PBXBuildFile; fileRef = A244D5F2278EAA81008D30A2 /* MemberCell.xib */; };
		A244D5FA278EB6D5008D30A2 /* NotificationCell.swift in Sources */ = {isa = PBXBuildFile; fileRef = A244D5F8278EB6D5008D30A2 /* NotificationCell.swift */; };
		A244D5FB278EB6D5008D30A2 /* NotificationCell.xib in Resources */ = {isa = PBXBuildFile; fileRef = A244D5F9278EB6D5008D30A2 /* NotificationCell.xib */; };
		A244D5FD278EB75B008D30A2 /* NotificationView.swift in Sources */ = {isa = PBXBuildFile; fileRef = A244D5FC278EB75B008D30A2 /* NotificationView.swift */; };
		A260875827A3DADE0040A227 /* ErrorCell.swift in Sources */ = {isa = PBXBuildFile; fileRef = A260875627A3DADE0040A227 /* ErrorCell.swift */; };
		A260875927A3DADE0040A227 /* ErrorCell.xib in Resources */ = {isa = PBXBuildFile; fileRef = A260875727A3DADE0040A227 /* ErrorCell.xib */; };
		A260875B27A3FD9E0040A227 /* CalenderExtension.swift in Sources */ = {isa = PBXBuildFile; fileRef = A260875A27A3FD9E0040A227 /* CalenderExtension.swift */; };
		A260877327AA19480040A227 /* Team.swift in Sources */ = {isa = PBXBuildFile; fileRef = A260877227AA19480040A227 /* Team.swift */; };
		A260877527AA4DF00040A227 /* ApplicationData.swift in Sources */ = {isa = PBXBuildFile; fileRef = A260877427AA4DEF0040A227 /* ApplicationData.swift */; };
		A260877A27AA57660040A227 /* AppliCationDataExtention.swift in Sources */ = {isa = PBXBuildFile; fileRef = A260877927AA57650040A227 /* AppliCationDataExtention.swift */; };
		A28BEBEC27BC86F0009B1276 /* EventRecord.swift in Sources */ = {isa = PBXBuildFile; fileRef = A28BEBEA27BC86F0009B1276 /* EventRecord.swift */; };
		A28BEBED27BC86F0009B1276 /* Events.swift in Sources */ = {isa = PBXBuildFile; fileRef = A28BEBEB27BC86F0009B1276 /* Events.swift */; };
		A2BD72D2279EB0DD00C7F5DB /* SelectedPostCell.swift in Sources */ = {isa = PBXBuildFile; fileRef = A2BD72D0279EB0DD00C7F5DB /* SelectedPostCell.swift */; };
		A2BD72D3279EB0DD00C7F5DB /* SelectedPostCell.xib in Resources */ = {isa = PBXBuildFile; fileRef = A2BD72D1279EB0DD00C7F5DB /* SelectedPostCell.xib */; };
		A2C1A3712772FD4C009CAE84 /* AppDelegate.swift in Sources */ = {isa = PBXBuildFile; fileRef = A2C1A3702772FD4C009CAE84 /* AppDelegate.swift */; };
		A2C1A3732772FD4C009CAE84 /* SceneDelegate.swift in Sources */ = {isa = PBXBuildFile; fileRef = A2C1A3722772FD4C009CAE84 /* SceneDelegate.swift */; };
		A2C1A3752772FD4C009CAE84 /* TabBarController.swift in Sources */ = {isa = PBXBuildFile; fileRef = A2C1A3742772FD4C009CAE84 /* TabBarController.swift */; };
		A2C1A3782772FD4C009CAE84 /* Main.storyboard in Resources */ = {isa = PBXBuildFile; fileRef = A2C1A3762772FD4C009CAE84 /* Main.storyboard */; };
		A2C1A37A2772FD52009CAE84 /* Assets.xcassets in Resources */ = {isa = PBXBuildFile; fileRef = A2C1A3792772FD52009CAE84 /* Assets.xcassets */; };
		A2C1A37D2772FD52009CAE84 /* LaunchScreen.storyboard in Resources */ = {isa = PBXBuildFile; fileRef = A2C1A37B2772FD52009CAE84 /* LaunchScreen.storyboard */; };
		A2DD8B1527ACF751003E6D81 /* TitleView.swift in Sources */ = {isa = PBXBuildFile; fileRef = A2DD8B1427ACF751003E6D81 /* TitleView.swift */; };
		A2FEF752279006FF00D8D537 /* ThreadView.swift in Sources */ = {isa = PBXBuildFile; fileRef = A2FEF751279006FF00D8D537 /* ThreadView.swift */; };
/* End PBXBuildFile section */

/* Begin PBXFileReference section */
		0A1C6D6C083B9BA7A6ACEE9D /* Pods_walking.framework */ = {isa = PBXFileReference; explicitFileType = wrapper.framework; includeInIndex = 0; path = Pods_walking.framework; sourceTree = BUILT_PRODUCTS_DIR; };
		415DA5B3D9C96A2563F780D4 /* Pods-walking.debug.xcconfig */ = {isa = PBXFileReference; includeInIndex = 1; lastKnownFileType = text.xcconfig; name = "Pods-walking.debug.xcconfig"; path = "Target Support Files/Pods-walking/Pods-walking.debug.xcconfig"; sourceTree = "<group>"; };
		913ABCD527A785A200FFF75D /* HomeData.swift */ = {isa = PBXFileReference; fileEncoding = 4; lastKnownFileType = sourcecode.swift; path = HomeData.swift; sourceTree = "<group>"; };
		913ABCD627A785A200FFF75D /* DistanceStruct.swift */ = {isa = PBXFileReference; fileEncoding = 4; lastKnownFileType = sourcecode.swift; path = DistanceStruct.swift; sourceTree = "<group>"; };
		913ABCD727A785A200FFF75D /* StepStruct.swift */ = {isa = PBXFileReference; fileEncoding = 4; lastKnownFileType = sourcecode.swift; path = StepStruct.swift; sourceTree = "<group>"; };
		913ABCD827A785A200FFF75D /* HomeView.swift */ = {isa = PBXFileReference; fileEncoding = 4; lastKnownFileType = sourcecode.swift; path = HomeView.swift; sourceTree = "<group>"; };
		913ABCD927A785A200FFF75D /* CalorieStruct.swift */ = {isa = PBXFileReference; fileEncoding = 4; lastKnownFileType = sourcecode.swift; path = CalorieStruct.swift; sourceTree = "<group>"; };
		913E8EB9278FECD500A8853C /* PersonRankCell.xib */ = {isa = PBXFileReference; lastKnownFileType = file.xib; path = PersonRankCell.xib; sourceTree = "<group>"; };
		915A8BAE2791567500B1DECE /* TeamRankCell.swift */ = {isa = PBXFileReference; lastKnownFileType = sourcecode.swift; path = TeamRankCell.swift; sourceTree = "<group>"; };
		915A8BAF2791567500B1DECE /* TeamRankCell.xib */ = {isa = PBXFileReference; lastKnownFileType = file.xib; path = TeamRankCell.xib; sourceTree = "<group>"; };
		915A8BB22791770C00B1DECE /* EventRankCell.swift */ = {isa = PBXFileReference; lastKnownFileType = sourcecode.swift; path = EventRankCell.swift; sourceTree = "<group>"; };
		9183475527842259005E8EC7 /* walking.entitlements */ = {isa = PBXFileReference; lastKnownFileType = text.plist.entitlements; path = walking.entitlements; sourceTree = "<group>"; };
		918347562784225A005E8EC7 /* HealthKit.framework */ = {isa = PBXFileReference; lastKnownFileType = wrapper.framework; name = HealthKit.framework; path = System/Library/Frameworks/HealthKit.framework; sourceTree = SDKROOT; };
		91834758278443F5005E8EC7 /* HealthKitUI.framework */ = {isa = PBXFileReference; lastKnownFileType = wrapper.framework; name = HealthKitUI.framework; path = System/Library/Frameworks/HealthKitUI.framework; sourceTree = SDKROOT; };
		91B1F71327A23D9A00E87EEF /* WalkingData.swift */ = {isa = PBXFileReference; lastKnownFileType = sourcecode.swift; path = WalkingData.swift; sourceTree = "<group>"; };
		91EB803527965CCC0073E69E /* EventRankCell.xib */ = {isa = PBXFileReference; lastKnownFileType = file.xib; name = EventRankCell.xib; path = walking/Record/EventRankCell.xib; sourceTree = "<group>"; };
		A21905ED2786ACD700288B76 /* StartView.swift */ = {isa = PBXFileReference; lastKnownFileType = sourcecode.swift; path = StartView.swift; sourceTree = "<group>"; };
		A21905F82786D0CC00288B76 /* CommunicationView.swift */ = {isa = PBXFileReference; lastKnownFileType = sourcecode.swift; path = CommunicationView.swift; sourceTree = "<group>"; };
		A21905FA2786D15500288B76 /* CommunicationCell.swift */ = {isa = PBXFileReference; lastKnownFileType = sourcecode.swift; path = CommunicationCell.swift; sourceTree = "<group>"; };
		A21905FB2786D15500288B76 /* CommunicationCell.xib */ = {isa = PBXFileReference; lastKnownFileType = file.xib; path = CommunicationCell.xib; sourceTree = "<group>"; };
		A22C048427BC7A1600A70FA8 /* TeamRecord.swift */ = {isa = PBXFileReference; fileEncoding = 4; lastKnownFileType = sourcecode.swift; name = TeamRecord.swift; path = walking/Record/TeamRecord.swift; sourceTree = SOURCE_ROOT; };
		A22C048627BC7A2200A70FA8 /* MyRecord.swift */ = {isa = PBXFileReference; fileEncoding = 4; lastKnownFileType = sourcecode.swift; name = MyRecord.swift; path = walking/Record/MyRecord.swift; sourceTree = SOURCE_ROOT; };
		A22C048C27BC7ADC00A70FA8 /* PersonRecord.swift */ = {isa = PBXFileReference; fileEncoding = 4; lastKnownFileType = sourcecode.swift; name = PersonRecord.swift; path = walking/Record/PersonRecord.swift; sourceTree = SOURCE_ROOT; };
		A22C048E27BC7B2F00A70FA8 /* PersonRankCell.swift */ = {isa = PBXFileReference; fileEncoding = 4; lastKnownFileType = sourcecode.swift; name = PersonRankCell.swift; path = ../../../../../.Trash/PersonRankCell.swift; sourceTree = "<group>"; };
		A22EA0FD277ACAB900D7DA92 /* RecordView.swift */ = {isa = PBXFileReference; lastKnownFileType = sourcecode.swift; path = RecordView.swift; sourceTree = "<group>"; };
		A22EA103277AD0E200D7DA92 /* YammerAPI.swift */ = {isa = PBXFileReference; lastKnownFileType = sourcecode.swift; path = YammerAPI.swift; sourceTree = "<group>"; };
		A22EA105277AD0FB00D7DA92 /* AWSAPI.swift */ = {isa = PBXFileReference; lastKnownFileType = sourcecode.swift; path = AWSAPI.swift; sourceTree = "<group>"; };
		A22EA109277AE81400D7DA92 /* LoginViewController.swift */ = {isa = PBXFileReference; lastKnownFileType = sourcecode.swift; path = LoginViewController.swift; sourceTree = "<group>"; };
		A234D27E279E614200BC0FEF /* PostView.swift */ = {isa = PBXFileReference; lastKnownFileType = sourcecode.swift; path = PostView.swift; sourceTree = "<group>"; };
		A244D5EF278EAA5C008D30A2 /* MemberView.swift */ = {isa = PBXFileReference; lastKnownFileType = sourcecode.swift; path = MemberView.swift; sourceTree = "<group>"; };
		A244D5F1278EAA81008D30A2 /* MemberCell.swift */ = {isa = PBXFileReference; lastKnownFileType = sourcecode.swift; path = MemberCell.swift; sourceTree = "<group>"; };
		A244D5F2278EAA81008D30A2 /* MemberCell.xib */ = {isa = PBXFileReference; lastKnownFileType = file.xib; path = MemberCell.xib; sourceTree = "<group>"; };
		A244D5F8278EB6D5008D30A2 /* NotificationCell.swift */ = {isa = PBXFileReference; lastKnownFileType = sourcecode.swift; path = NotificationCell.swift; sourceTree = "<group>"; };
		A244D5F9278EB6D5008D30A2 /* NotificationCell.xib */ = {isa = PBXFileReference; lastKnownFileType = file.xib; path = NotificationCell.xib; sourceTree = "<group>"; };
		A244D5FC278EB75B008D30A2 /* NotificationView.swift */ = {isa = PBXFileReference; lastKnownFileType = sourcecode.swift; path = NotificationView.swift; sourceTree = "<group>"; };
		A260875627A3DADE0040A227 /* ErrorCell.swift */ = {isa = PBXFileReference; lastKnownFileType = sourcecode.swift; path = ErrorCell.swift; sourceTree = "<group>"; };
		A260875727A3DADE0040A227 /* ErrorCell.xib */ = {isa = PBXFileReference; lastKnownFileType = file.xib; path = ErrorCell.xib; sourceTree = "<group>"; };
		A260875A27A3FD9E0040A227 /* CalenderExtension.swift */ = {isa = PBXFileReference; lastKnownFileType = sourcecode.swift; path = CalenderExtension.swift; sourceTree = "<group>"; };
		A260877227AA19480040A227 /* Team.swift */ = {isa = PBXFileReference; lastKnownFileType = sourcecode.swift; path = Team.swift; sourceTree = "<group>"; };
		A260877427AA4DEF0040A227 /* ApplicationData.swift */ = {isa = PBXFileReference; lastKnownFileType = sourcecode.swift; path = ApplicationData.swift; sourceTree = "<group>"; };
		A260877927AA57650040A227 /* AppliCationDataExtention.swift */ = {isa = PBXFileReference; lastKnownFileType = sourcecode.swift; path = AppliCationDataExtention.swift; sourceTree = "<group>"; };
		A28BEBEA27BC86F0009B1276 /* EventRecord.swift */ = {isa = PBXFileReference; fileEncoding = 4; lastKnownFileType = sourcecode.swift; name = EventRecord.swift; path = Model/EventRecord.swift; sourceTree = SOURCE_ROOT; };
		A28BEBEB27BC86F0009B1276 /* Events.swift */ = {isa = PBXFileReference; fileEncoding = 4; lastKnownFileType = sourcecode.swift; name = Events.swift; path = Model/Events.swift; sourceTree = SOURCE_ROOT; };
		A2BC7B8827964A0100035482 /* EventRankCell.xib */ = {isa = PBXFileReference; fileEncoding = 4; lastKnownFileType = file.xib; path = EventRankCell.xib; sourceTree = "<group>"; };
		A2BD72D0279EB0DD00C7F5DB /* SelectedPostCell.swift */ = {isa = PBXFileReference; lastKnownFileType = sourcecode.swift; path = SelectedPostCell.swift; sourceTree = "<group>"; };
		A2BD72D1279EB0DD00C7F5DB /* SelectedPostCell.xib */ = {isa = PBXFileReference; lastKnownFileType = file.xib; path = SelectedPostCell.xib; sourceTree = "<group>"; };
		A2C1A36D2772FD4C009CAE84 /* walking.app */ = {isa = PBXFileReference; explicitFileType = wrapper.application; includeInIndex = 0; path = walking.app; sourceTree = BUILT_PRODUCTS_DIR; };
		A2C1A3702772FD4C009CAE84 /* AppDelegate.swift */ = {isa = PBXFileReference; lastKnownFileType = sourcecode.swift; path = AppDelegate.swift; sourceTree = "<group>"; };
		A2C1A3722772FD4C009CAE84 /* SceneDelegate.swift */ = {isa = PBXFileReference; lastKnownFileType = sourcecode.swift; path = SceneDelegate.swift; sourceTree = "<group>"; };
		A2C1A3742772FD4C009CAE84 /* TabBarController.swift */ = {isa = PBXFileReference; lastKnownFileType = sourcecode.swift; path = TabBarController.swift; sourceTree = "<group>"; };
		A2C1A3772772FD4C009CAE84 /* Base */ = {isa = PBXFileReference; lastKnownFileType = file.storyboard; name = Base; path = Base.lproj/Main.storyboard; sourceTree = "<group>"; };
		A2C1A3792772FD52009CAE84 /* Assets.xcassets */ = {isa = PBXFileReference; lastKnownFileType = folder.assetcatalog; path = Assets.xcassets; sourceTree = "<group>"; };
		A2C1A37C2772FD52009CAE84 /* Base */ = {isa = PBXFileReference; lastKnownFileType = file.storyboard; name = Base; path = Base.lproj/LaunchScreen.storyboard; sourceTree = "<group>"; };
		A2C1A37E2772FD52009CAE84 /* Info.plist */ = {isa = PBXFileReference; lastKnownFileType = text.plist.xml; path = Info.plist; sourceTree = "<group>"; };
		A2DD8B1427ACF751003E6D81 /* TitleView.swift */ = {isa = PBXFileReference; lastKnownFileType = sourcecode.swift; path = TitleView.swift; sourceTree = "<group>"; };
		A2FEF751279006FF00D8D537 /* ThreadView.swift */ = {isa = PBXFileReference; lastKnownFileType = sourcecode.swift; path = ThreadView.swift; sourceTree = "<group>"; };
		AAF723D015DE791EF430EC91 /* Pods-walking.release.xcconfig */ = {isa = PBXFileReference; includeInIndex = 1; lastKnownFileType = text.xcconfig; name = "Pods-walking.release.xcconfig"; path = "Target Support Files/Pods-walking/Pods-walking.release.xcconfig"; sourceTree = "<group>"; };
/* End PBXFileReference section */

/* Begin PBXFrameworksBuildPhase section */
		A2C1A36A2772FD4C009CAE84 /* Frameworks */ = {
			isa = PBXFrameworksBuildPhase;
			buildActionMask = 2147483647;
			files = (
				65C497E98D1A0A9CF7E6116E /* Pods_walking.framework in Frameworks */,
				918347572784225A005E8EC7 /* HealthKit.framework in Frameworks */,
				91834759278443F5005E8EC7 /* HealthKitUI.framework in Frameworks */,
			);
			runOnlyForDeploymentPostprocessing = 0;
		};
/* End PBXFrameworksBuildPhase section */

/* Begin PBXGroup section */
		115EE635B506DF1C9F54558A /* Frameworks */ = {
			isa = PBXGroup;
			children = (
				91834758278443F5005E8EC7 /* HealthKitUI.framework */,
				918347562784225A005E8EC7 /* HealthKit.framework */,
				0A1C6D6C083B9BA7A6ACEE9D /* Pods_walking.framework */,
			);
			name = Frameworks;
			sourceTree = "<group>";
		};
		913ABCC327A3F57A00FFF75D /* Home */ = {
			isa = PBXGroup;
			children = (
				913ABCD827A785A200FFF75D /* HomeView.swift */,
				913ABCD527A785A200FFF75D /* HomeData.swift */,
				913ABCD727A785A200FFF75D /* StepStruct.swift */,
				913ABCD927A785A200FFF75D /* CalorieStruct.swift */,
				913ABCD627A785A200FFF75D /* DistanceStruct.swift */,
			);
			path = Home;
			sourceTree = "<group>";
		};
		913E8EB7278FE9E400A8853C /* Record */ = {
			isa = PBXGroup;
			children = (
				A22EA0FD277ACAB900D7DA92 /* RecordView.swift */,
				A22C048E27BC7B2F00A70FA8 /* PersonRankCell.swift */,
				A260875627A3DADE0040A227 /* ErrorCell.swift */,
				915A8BAE2791567500B1DECE /* TeamRankCell.swift */,
				915A8BB22791770C00B1DECE /* EventRankCell.swift */,
				A2BC7B8827964A0100035482 /* EventRankCell.xib */,
				915A8BAF2791567500B1DECE /* TeamRankCell.xib */,
				913E8EB9278FECD500A8853C /* PersonRankCell.xib */,
				A260875727A3DADE0040A227 /* ErrorCell.xib */,
			);
			path = Record;
			sourceTree = "<group>";
		};
		A21905F32786C4C700288B76 /* Communication */ = {
			isa = PBXGroup;
			children = (
				A21905F82786D0CC00288B76 /* CommunicationView.swift */,
				A2FEF751279006FF00D8D537 /* ThreadView.swift */,
				A21905FA2786D15500288B76 /* CommunicationCell.swift */,
				A2BD72D0279EB0DD00C7F5DB /* SelectedPostCell.swift */,
				A2BD72D1279EB0DD00C7F5DB /* SelectedPostCell.xib */,
				A21905FB2786D15500288B76 /* CommunicationCell.xib */,
				A234D27E279E614200BC0FEF /* PostView.swift */,
				A22EA103277AD0E200D7DA92 /* YammerAPI.swift */,
			);
			path = Communication;
			sourceTree = "<group>";
		};
		A244D5E8278EA0EA008D30A2 /* Member */ = {
			isa = PBXGroup;
			children = (
				A244D5EF278EAA5C008D30A2 /* MemberView.swift */,
				A244D5F1278EAA81008D30A2 /* MemberCell.swift */,
				A244D5F2278EAA81008D30A2 /* MemberCell.xib */,
			);
			path = Member;
			sourceTree = "<group>";
		};
		A244D5F7278EB6B5008D30A2 /* Notification */ = {
			isa = PBXGroup;
			children = (
				A244D5FC278EB75B008D30A2 /* NotificationView.swift */,
				A244D5F8278EB6D5008D30A2 /* NotificationCell.swift */,
				A244D5F9278EB6D5008D30A2 /* NotificationCell.xib */,
			);
			path = Notification;
			sourceTree = "<group>";
		};
		A260877627AA4EB90040A227 /* Model */ = {
			isa = PBXGroup;
			children = (
				91B1F71327A23D9A00E87EEF /* WalkingData.swift */,
				A260877227AA19480040A227 /* Team.swift */,
				A22C048627BC7A2200A70FA8 /* MyRecord.swift */,
				A22C048427BC7A1600A70FA8 /* TeamRecord.swift */,
				A22C048C27BC7ADC00A70FA8 /* PersonRecord.swift */,
				A28BEBEA27BC86F0009B1276 /* EventRecord.swift */,
				A28BEBEB27BC86F0009B1276 /* Events.swift */,
				A260877427AA4DEF0040A227 /* ApplicationData.swift */,
				A260877927AA57650040A227 /* AppliCationDataExtention.swift */,
			);
			path = Model;
			sourceTree = "<group>";
		};
		A2C1A3642772FD4C009CAE84 = {
			isa = PBXGroup;
			children = (
				91EB803527965CCC0073E69E /* EventRankCell.xib */,
				A2C1A36F2772FD4C009CAE84 /* walking */,
				A2C1A36E2772FD4C009CAE84 /* Products */,
				A814FA39A43AC1880818DB78 /* Pods */,
				115EE635B506DF1C9F54558A /* Frameworks */,
			);
			sourceTree = "<group>";
		};
		A2C1A36E2772FD4C009CAE84 /* Products */ = {
			isa = PBXGroup;
			children = (
				A2C1A36D2772FD4C009CAE84 /* walking.app */,
			);
			name = Products;
			sourceTree = "<group>";
		};
		A2C1A36F2772FD4C009CAE84 /* walking */ = {
			isa = PBXGroup;
			children = (
				913ABCC327A3F57A00FFF75D /* Home */,
				913E8EB7278FE9E400A8853C /* Record */,
				A244D5F7278EB6B5008D30A2 /* Notification */,
				A244D5E8278EA0EA008D30A2 /* Member */,
				A21905F32786C4C700288B76 /* Communication */,
				9183475527842259005E8EC7 /* walking.entitlements */,
				A2C1A3702772FD4C009CAE84 /* AppDelegate.swift */,
				A260875A27A3FD9E0040A227 /* CalenderExtension.swift */,
				A2C1A3722772FD4C009CAE84 /* SceneDelegate.swift */,
				A2C1A3742772FD4C009CAE84 /* TabBarController.swift */,
				A21905ED2786ACD700288B76 /* StartView.swift */,
				A2DD8B1427ACF751003E6D81 /* TitleView.swift */,
				A260877627AA4EB90040A227 /* Model */,
				A22EA109277AE81400D7DA92 /* LoginViewController.swift */,
				A22EA105277AD0FB00D7DA92 /* AWSAPI.swift */,
				A2C1A3762772FD4C009CAE84 /* Main.storyboard */,
				A2C1A3792772FD52009CAE84 /* Assets.xcassets */,
				A2C1A37B2772FD52009CAE84 /* LaunchScreen.storyboard */,
				A2C1A37E2772FD52009CAE84 /* Info.plist */,
			);
			path = walking;
			sourceTree = "<group>";
		};
		A814FA39A43AC1880818DB78 /* Pods */ = {
			isa = PBXGroup;
			children = (
				415DA5B3D9C96A2563F780D4 /* Pods-walking.debug.xcconfig */,
				AAF723D015DE791EF430EC91 /* Pods-walking.release.xcconfig */,
			);
			path = Pods;
			sourceTree = "<group>";
		};
/* End PBXGroup section */

/* Begin PBXNativeTarget section */
		A2C1A36C2772FD4C009CAE84 /* walking */ = {
			isa = PBXNativeTarget;
			buildConfigurationList = A2C1A3812772FD52009CAE84 /* Build configuration list for PBXNativeTarget "walking" */;
			buildPhases = (
				7DC27930AC9964895099FB0B /* [CP] Check Pods Manifest.lock */,
				A2C1A3692772FD4C009CAE84 /* Sources */,
				A2C1A36A2772FD4C009CAE84 /* Frameworks */,
				A2C1A36B2772FD4C009CAE84 /* Resources */,
				FBEACB68EA9AF75F4DE49010 /* [CP] Embed Pods Frameworks */,
			);
			buildRules = (
			);
			dependencies = (
			);
			name = walking;
			productName = walking;
			productReference = A2C1A36D2772FD4C009CAE84 /* walking.app */;
			productType = "com.apple.product-type.application";
		};
/* End PBXNativeTarget section */

/* Begin PBXProject section */
		A2C1A3652772FD4C009CAE84 /* Project object */ = {
			isa = PBXProject;
			attributes = {
				BuildIndependentTargetsInParallel = 1;
				LastSwiftUpdateCheck = 1310;
				LastUpgradeCheck = 1310;
				TargetAttributes = {
					A2C1A36C2772FD4C009CAE84 = {
						CreatedOnToolsVersion = 13.1;
					};
				};
			};
			buildConfigurationList = A2C1A3682772FD4C009CAE84 /* Build configuration list for PBXProject "walking" */;
			compatibilityVersion = "Xcode 13.0";
			developmentRegion = en;
			hasScannedForEncodings = 0;
			knownRegions = (
				en,
				Base,
			);
			mainGroup = A2C1A3642772FD4C009CAE84;
			productRefGroup = A2C1A36E2772FD4C009CAE84 /* Products */;
			projectDirPath = "";
			projectRoot = "";
			targets = (
				A2C1A36C2772FD4C009CAE84 /* walking */,
			);
		};
/* End PBXProject section */

/* Begin PBXResourcesBuildPhase section */
		A2C1A36B2772FD4C009CAE84 /* Resources */ = {
			isa = PBXResourcesBuildPhase;
			buildActionMask = 2147483647;
			files = (
				91EB803627965CCC0073E69E /* EventRankCell.xib in Resources */,
				A21905FD2786D15500288B76 /* CommunicationCell.xib in Resources */,
				A244D5FB278EB6D5008D30A2 /* NotificationCell.xib in Resources */,
				A260875927A3DADE0040A227 /* ErrorCell.xib in Resources */,
				A2C1A37D2772FD52009CAE84 /* LaunchScreen.storyboard in Resources */,
				A2BD72D3279EB0DD00C7F5DB /* SelectedPostCell.xib in Resources */,
				A2C1A37A2772FD52009CAE84 /* Assets.xcassets in Resources */,
				915A8BB12791567500B1DECE /* TeamRankCell.xib in Resources */,
				913E8EBB278FECD500A8853C /* PersonRankCell.xib in Resources */,
				A2C1A3782772FD4C009CAE84 /* Main.storyboard in Resources */,
				A244D5F4278EAA81008D30A2 /* MemberCell.xib in Resources */,
			);
			runOnlyForDeploymentPostprocessing = 0;
		};
/* End PBXResourcesBuildPhase section */

/* Begin PBXShellScriptBuildPhase section */
		7DC27930AC9964895099FB0B /* [CP] Check Pods Manifest.lock */ = {
			isa = PBXShellScriptBuildPhase;
			buildActionMask = 2147483647;
			files = (
			);
			inputFileListPaths = (
			);
			inputPaths = (
				"${PODS_PODFILE_DIR_PATH}/Podfile.lock",
				"${PODS_ROOT}/Manifest.lock",
			);
			name = "[CP] Check Pods Manifest.lock";
			outputFileListPaths = (
			);
			outputPaths = (
				"$(DERIVED_FILE_DIR)/Pods-walking-checkManifestLockResult.txt",
			);
			runOnlyForDeploymentPostprocessing = 0;
			shellPath = /bin/sh;
			shellScript = "diff \"${PODS_PODFILE_DIR_PATH}/Podfile.lock\" \"${PODS_ROOT}/Manifest.lock\" > /dev/null\nif [ $? != 0 ] ; then\n    # print error to STDERR\n    echo \"error: The sandbox is not in sync with the Podfile.lock. Run 'pod install' or update your CocoaPods installation.\" >&2\n    exit 1\nfi\n# This output is used by Xcode 'outputs' to avoid re-running this script phase.\necho \"SUCCESS\" > \"${SCRIPT_OUTPUT_FILE_0}\"\n";
			showEnvVarsInLog = 0;
		};
		FBEACB68EA9AF75F4DE49010 /* [CP] Embed Pods Frameworks */ = {
			isa = PBXShellScriptBuildPhase;
			buildActionMask = 2147483647;
			files = (
			);
			inputFileListPaths = (
				"${PODS_ROOT}/Target Support Files/Pods-walking/Pods-walking-frameworks-${CONFIGURATION}-input-files.xcfilelist",
			);
			name = "[CP] Embed Pods Frameworks";
			outputFileListPaths = (
				"${PODS_ROOT}/Target Support Files/Pods-walking/Pods-walking-frameworks-${CONFIGURATION}-output-files.xcfilelist",
			);
			runOnlyForDeploymentPostprocessing = 0;
			shellPath = /bin/sh;
			shellScript = "\"${PODS_ROOT}/Target Support Files/Pods-walking/Pods-walking-frameworks.sh\"\n";
			showEnvVarsInLog = 0;
		};
/* End PBXShellScriptBuildPhase section */

/* Begin PBXSourcesBuildPhase section */
		A2C1A3692772FD4C009CAE84 /* Sources */ = {
			isa = PBXSourcesBuildPhase;
			buildActionMask = 2147483647;
			files = (
				A28BEBED27BC86F0009B1276 /* Events.swift in Sources */,
				A2C1A3752772FD4C009CAE84 /* TabBarController.swift in Sources */,
				A22C048527BC7A1700A70FA8 /* TeamRecord.swift in Sources */,
				A2C1A3712772FD4C009CAE84 /* AppDelegate.swift in Sources */,
				913ABCDC27A785A200FFF75D /* StepStruct.swift in Sources */,
				A22EA106277AD0FB00D7DA92 /* AWSAPI.swift in Sources */,
				A260875827A3DADE0040A227 /* ErrorCell.swift in Sources */,
				915A8BB42791770C00B1DECE /* EventRankCell.swift in Sources */,
				A21905EE2786ACD700288B76 /* StartView.swift in Sources */,
				A21905F92786D0CC00288B76 /* CommunicationView.swift in Sources */,
				A28BEBEC27BC86F0009B1276 /* EventRecord.swift in Sources */,
				913ABCDD27A785A200FFF75D /* HomeView.swift in Sources */,
				A22C048D27BC7ADC00A70FA8 /* PersonRecord.swift in Sources */,
				A2FEF752279006FF00D8D537 /* ThreadView.swift in Sources */,
				A260877527AA4DF00040A227 /* ApplicationData.swift in Sources */,
				A244D5FD278EB75B008D30A2 /* NotificationView.swift in Sources */,
				A260875B27A3FD9E0040A227 /* CalenderExtension.swift in Sources */,
				A260877A27AA57660040A227 /* AppliCationDataExtention.swift in Sources */,
				A234D27F279E614200BC0FEF /* PostView.swift in Sources */,
				913ABCDB27A785A200FFF75D /* DistanceStruct.swift in Sources */,
				913ABCDA27A785A200FFF75D /* HomeData.swift in Sources */,
				91B1F71427A23D9A00E87EEF /* WalkingData.swift in Sources */,
				A244D5F3278EAA81008D30A2 /* MemberCell.swift in Sources */,
				A2DD8B1527ACF751003E6D81 /* TitleView.swift in Sources */,
				A244D5F0278EAA5C008D30A2 /* MemberView.swift in Sources */,
				A22EA0FE277ACAB900D7DA92 /* RecordView.swift in Sources */,
				913ABCDE27A785A200FFF75D /* CalorieStruct.swift in Sources */,
				A22C048F27BC7B2F00A70FA8 /* PersonRankCell.swift in Sources */,
				A2C1A3732772FD4C009CAE84 /* SceneDelegate.swift in Sources */,
				A22EA10A277AE81400D7DA92 /* LoginViewController.swift in Sources */,
				A22C048727BC7A2200A70FA8 /* MyRecord.swift in Sources */,
				A2BD72D2279EB0DD00C7F5DB /* SelectedPostCell.swift in Sources */,
				A21905FC2786D15500288B76 /* CommunicationCell.swift in Sources */,
				915A8BB02791567500B1DECE /* TeamRankCell.swift in Sources */,
				A260877327AA19480040A227 /* Team.swift in Sources */,
				A22EA104277AD0E200D7DA92 /* YammerAPI.swift in Sources */,
				A244D5FA278EB6D5008D30A2 /* NotificationCell.swift in Sources */,
			);
			runOnlyForDeploymentPostprocessing = 0;
		};
/* End PBXSourcesBuildPhase section */

/* Begin PBXVariantGroup section */
		A2C1A3762772FD4C009CAE84 /* Main.storyboard */ = {
			isa = PBXVariantGroup;
			children = (
				A2C1A3772772FD4C009CAE84 /* Base */,
			);
			name = Main.storyboard;
			sourceTree = "<group>";
		};
		A2C1A37B2772FD52009CAE84 /* LaunchScreen.storyboard */ = {
			isa = PBXVariantGroup;
			children = (
				A2C1A37C2772FD52009CAE84 /* Base */,
			);
			name = LaunchScreen.storyboard;
			sourceTree = "<group>";
		};
/* End PBXVariantGroup section */

/* Begin XCBuildConfiguration section */
		A2C1A37F2772FD52009CAE84 /* Debug */ = {
			isa = XCBuildConfiguration;
			buildSettings = {
				ALWAYS_SEARCH_USER_PATHS = NO;
				CLANG_ANALYZER_NONNULL = YES;
				CLANG_ANALYZER_NUMBER_OBJECT_CONVERSION = YES_AGGRESSIVE;
				CLANG_CXX_LANGUAGE_STANDARD = "gnu++17";
				CLANG_CXX_LIBRARY = "libc++";
				CLANG_ENABLE_MODULES = YES;
				CLANG_ENABLE_OBJC_ARC = YES;
				CLANG_ENABLE_OBJC_WEAK = YES;
				CLANG_WARN_BLOCK_CAPTURE_AUTORELEASING = YES;
				CLANG_WARN_BOOL_CONVERSION = YES;
				CLANG_WARN_COMMA = YES;
				CLANG_WARN_CONSTANT_CONVERSION = YES;
				CLANG_WARN_DEPRECATED_OBJC_IMPLEMENTATIONS = YES;
				CLANG_WARN_DIRECT_OBJC_ISA_USAGE = YES_ERROR;
				CLANG_WARN_DOCUMENTATION_COMMENTS = YES;
				CLANG_WARN_EMPTY_BODY = YES;
				CLANG_WARN_ENUM_CONVERSION = YES;
				CLANG_WARN_INFINITE_RECURSION = YES;
				CLANG_WARN_INT_CONVERSION = YES;
				CLANG_WARN_NON_LITERAL_NULL_CONVERSION = YES;
				CLANG_WARN_OBJC_IMPLICIT_RETAIN_SELF = YES;
				CLANG_WARN_OBJC_LITERAL_CONVERSION = YES;
				CLANG_WARN_OBJC_ROOT_CLASS = YES_ERROR;
				CLANG_WARN_QUOTED_INCLUDE_IN_FRAMEWORK_HEADER = YES;
				CLANG_WARN_RANGE_LOOP_ANALYSIS = YES;
				CLANG_WARN_STRICT_PROTOTYPES = YES;
				CLANG_WARN_SUSPICIOUS_MOVE = YES;
				CLANG_WARN_UNGUARDED_AVAILABILITY = YES_AGGRESSIVE;
				CLANG_WARN_UNREACHABLE_CODE = YES;
				CLANG_WARN__DUPLICATE_METHOD_MATCH = YES;
				COPY_PHASE_STRIP = NO;
				DEBUG_INFORMATION_FORMAT = dwarf;
				ENABLE_STRICT_OBJC_MSGSEND = YES;
				ENABLE_TESTABILITY = YES;
				GCC_C_LANGUAGE_STANDARD = gnu11;
				GCC_DYNAMIC_NO_PIC = NO;
				GCC_NO_COMMON_BLOCKS = YES;
				GCC_OPTIMIZATION_LEVEL = 0;
				GCC_PREPROCESSOR_DEFINITIONS = (
					"DEBUG=1",
					"$(inherited)",
				);
				GCC_WARN_64_TO_32_BIT_CONVERSION = YES;
				GCC_WARN_ABOUT_RETURN_TYPE = YES_ERROR;
				GCC_WARN_UNDECLARED_SELECTOR = YES;
				GCC_WARN_UNINITIALIZED_AUTOS = YES_AGGRESSIVE;
				GCC_WARN_UNUSED_FUNCTION = YES;
				GCC_WARN_UNUSED_VARIABLE = YES;
				IPHONEOS_DEPLOYMENT_TARGET = 14.0;
				MTL_ENABLE_DEBUG_INFO = INCLUDE_SOURCE;
				MTL_FAST_MATH = YES;
				ONLY_ACTIVE_ARCH = YES;
				SDKROOT = iphoneos;
				SWIFT_ACTIVE_COMPILATION_CONDITIONS = DEBUG;
				SWIFT_OPTIMIZATION_LEVEL = "-Onone";
			};
			name = Debug;
		};
		A2C1A3802772FD52009CAE84 /* Release */ = {
			isa = XCBuildConfiguration;
			buildSettings = {
				ALWAYS_SEARCH_USER_PATHS = NO;
				CLANG_ANALYZER_NONNULL = YES;
				CLANG_ANALYZER_NUMBER_OBJECT_CONVERSION = YES_AGGRESSIVE;
				CLANG_CXX_LANGUAGE_STANDARD = "gnu++17";
				CLANG_CXX_LIBRARY = "libc++";
				CLANG_ENABLE_MODULES = YES;
				CLANG_ENABLE_OBJC_ARC = YES;
				CLANG_ENABLE_OBJC_WEAK = YES;
				CLANG_WARN_BLOCK_CAPTURE_AUTORELEASING = YES;
				CLANG_WARN_BOOL_CONVERSION = YES;
				CLANG_WARN_COMMA = YES;
				CLANG_WARN_CONSTANT_CONVERSION = YES;
				CLANG_WARN_DEPRECATED_OBJC_IMPLEMENTATIONS = YES;
				CLANG_WARN_DIRECT_OBJC_ISA_USAGE = YES_ERROR;
				CLANG_WARN_DOCUMENTATION_COMMENTS = YES;
				CLANG_WARN_EMPTY_BODY = YES;
				CLANG_WARN_ENUM_CONVERSION = YES;
				CLANG_WARN_INFINITE_RECURSION = YES;
				CLANG_WARN_INT_CONVERSION = YES;
				CLANG_WARN_NON_LITERAL_NULL_CONVERSION = YES;
				CLANG_WARN_OBJC_IMPLICIT_RETAIN_SELF = YES;
				CLANG_WARN_OBJC_LITERAL_CONVERSION = YES;
				CLANG_WARN_OBJC_ROOT_CLASS = YES_ERROR;
				CLANG_WARN_QUOTED_INCLUDE_IN_FRAMEWORK_HEADER = YES;
				CLANG_WARN_RANGE_LOOP_ANALYSIS = YES;
				CLANG_WARN_STRICT_PROTOTYPES = YES;
				CLANG_WARN_SUSPICIOUS_MOVE = YES;
				CLANG_WARN_UNGUARDED_AVAILABILITY = YES_AGGRESSIVE;
				CLANG_WARN_UNREACHABLE_CODE = YES;
				CLANG_WARN__DUPLICATE_METHOD_MATCH = YES;
				COPY_PHASE_STRIP = NO;
				DEBUG_INFORMATION_FORMAT = "dwarf-with-dsym";
				ENABLE_NS_ASSERTIONS = NO;
				ENABLE_STRICT_OBJC_MSGSEND = YES;
				GCC_C_LANGUAGE_STANDARD = gnu11;
				GCC_NO_COMMON_BLOCKS = YES;
				GCC_WARN_64_TO_32_BIT_CONVERSION = YES;
				GCC_WARN_ABOUT_RETURN_TYPE = YES_ERROR;
				GCC_WARN_UNDECLARED_SELECTOR = YES;
				GCC_WARN_UNINITIALIZED_AUTOS = YES_AGGRESSIVE;
				GCC_WARN_UNUSED_FUNCTION = YES;
				GCC_WARN_UNUSED_VARIABLE = YES;
				IPHONEOS_DEPLOYMENT_TARGET = 14.0;
				MTL_ENABLE_DEBUG_INFO = NO;
				MTL_FAST_MATH = YES;
				SDKROOT = iphoneos;
				SWIFT_COMPILATION_MODE = wholemodule;
				SWIFT_OPTIMIZATION_LEVEL = "-O";
				VALIDATE_PRODUCT = YES;
			};
			name = Release;
		};
		A2C1A3822772FD52009CAE84 /* Debug */ = {
			isa = XCBuildConfiguration;
			baseConfigurationReference = 415DA5B3D9C96A2563F780D4 /* Pods-walking.debug.xcconfig */;
			buildSettings = {
				ASSETCATALOG_COMPILER_APPICON_NAME = AppIcon;
				ASSETCATALOG_COMPILER_GLOBAL_ACCENT_COLOR_NAME = AccentColor;
				CODE_SIGN_ALLOW_ENTITLEMENTS_MODIFICATION = YES;
				CODE_SIGN_ENTITLEMENTS = walking/walking.entitlements;
				CODE_SIGN_IDENTITY = "Apple Development";
				CODE_SIGN_STYLE = Automatic;
				CURRENT_PROJECT_VERSION = 1;
				DEVELOPMENT_TEAM = MHAGM665WL;
				GENERATE_INFOPLIST_FILE = YES;
				INFOPLIST_FILE = walking/Info.plist;
				INFOPLIST_KEY_NSHealthShareUsageDescription = "ウォーキングイベントに使用するため、歩数情報を取得します。";
				INFOPLIST_KEY_UIApplicationSupportsIndirectInputEvents = YES;
				INFOPLIST_KEY_UILaunchStoryboardName = LaunchScreen;
				INFOPLIST_KEY_UIMainStoryboardFile = Main;
				INFOPLIST_KEY_UISupportedInterfaceOrientations = UIInterfaceOrientationPortrait;
				INFOPLIST_KEY_UISupportedInterfaceOrientations_iPad = "UIInterfaceOrientationPortrait UIInterfaceOrientationPortraitUpsideDown UIInterfaceOrientationLandscapeLeft UIInterfaceOrientationLandscapeRight";
				INFOPLIST_KEY_UISupportedInterfaceOrientations_iPhone = UIInterfaceOrientationPortrait;
				INFOPLIST_KEY_UIUserInterfaceStyle = Light;
				IPHONEOS_DEPLOYMENT_TARGET = 14.6;
				LD_RUNPATH_SEARCH_PATHS = (
					"$(inherited)",
					"@executable_path/Frameworks",
				);
				MARKETING_VERSION = 1.0.4;
				PRODUCT_BUNDLE_IDENTIFIER = com.walkingEventApp;
				PRODUCT_NAME = "$(TARGET_NAME)";
				PROVISIONING_PROFILE_SPECIFIER = "";
				SWIFT_EMIT_LOC_STRINGS = YES;
				SWIFT_VERSION = 5.0;
				TARGETED_DEVICE_FAMILY = 1;
			};
			name = Debug;
		};
		A2C1A3832772FD52009CAE84 /* Release */ = {
			isa = XCBuildConfiguration;
			baseConfigurationReference = AAF723D015DE791EF430EC91 /* Pods-walking.release.xcconfig */;
			buildSettings = {
				ASSETCATALOG_COMPILER_APPICON_NAME = AppIcon;
				ASSETCATALOG_COMPILER_GLOBAL_ACCENT_COLOR_NAME = AccentColor;
				CODE_SIGN_ALLOW_ENTITLEMENTS_MODIFICATION = YES;
				CODE_SIGN_ENTITLEMENTS = walking/walking.entitlements;
				CODE_SIGN_IDENTITY = "Apple Development";
				CODE_SIGN_STYLE = Automatic;
				CURRENT_PROJECT_VERSION = 1;
				DEVELOPMENT_TEAM = MHAGM665WL;
				GENERATE_INFOPLIST_FILE = YES;
				INFOPLIST_FILE = walking/Info.plist;
				INFOPLIST_KEY_NSHealthShareUsageDescription = "ウォーキングイベントに使用するため、歩数情報を取得します。";
				INFOPLIST_KEY_UIApplicationSupportsIndirectInputEvents = YES;
				INFOPLIST_KEY_UILaunchStoryboardName = LaunchScreen;
				INFOPLIST_KEY_UIMainStoryboardFile = Main;
				INFOPLIST_KEY_UISupportedInterfaceOrientations = UIInterfaceOrientationPortrait;
				INFOPLIST_KEY_UISupportedInterfaceOrientations_iPad = "UIInterfaceOrientationPortrait UIInterfaceOrientationPortraitUpsideDown UIInterfaceOrientationLandscapeLeft UIInterfaceOrientationLandscapeRight";
				INFOPLIST_KEY_UISupportedInterfaceOrientations_iPhone = UIInterfaceOrientationPortrait;
				INFOPLIST_KEY_UIUserInterfaceStyle = Light;
				IPHONEOS_DEPLOYMENT_TARGET = 14.6;
				LD_RUNPATH_SEARCH_PATHS = (
					"$(inherited)",
					"@executable_path/Frameworks",
				);
				MARKETING_VERSION = 1.0.4;
				PRODUCT_BUNDLE_IDENTIFIER = com.walkingEventApp;
				PRODUCT_NAME = "$(TARGET_NAME)";
				PROVISIONING_PROFILE_SPECIFIER = "";
				SWIFT_EMIT_LOC_STRINGS = YES;
				SWIFT_VERSION = 5.0;
				TARGETED_DEVICE_FAMILY = 1;
			};
			name = Release;
		};
/* End XCBuildConfiguration section */

/* Begin XCConfigurationList section */
		A2C1A3682772FD4C009CAE84 /* Build configuration list for PBXProject "walking" */ = {
			isa = XCConfigurationList;
			buildConfigurations = (
				A2C1A37F2772FD52009CAE84 /* Debug */,
				A2C1A3802772FD52009CAE84 /* Release */,
			);
			defaultConfigurationIsVisible = 0;
			defaultConfigurationName = Release;
		};
		A2C1A3812772FD52009CAE84 /* Build configuration list for PBXNativeTarget "walking" */ = {
			isa = XCConfigurationList;
			buildConfigurations = (
				A2C1A3822772FD52009CAE84 /* Debug */,
				A2C1A3832772FD52009CAE84 /* Release */,
			);
			defaultConfigurationIsVisible = 0;
			defaultConfigurationName = Release;
		};
/* End XCConfigurationList section */
	};
	rootObject = A2C1A3652772FD4C009CAE84 /* Project object */;
}
